
Microsoft Visual Studio Solution File, Format Version 12.00
# Visual Studio Version 17
VisualStudioVersion = 17.0.31903.59
MinimumVisualStudioVersion = 10.0.40219.1
Project("{9A19103F-16F7-4668-BE54-9A1E7A4F7556}") = "TicTacToe", "TicTacToe\TicTacToe.csproj", "{D7E66D12-86CE-4A92-B479-430FF6C5B15A}"
EndProject
Project("{FAE04EC0-301F-11D3-BF4B-00C04F79EFBC}") = "TicTacToeLibrary", "TicTacToeLibrary\TicTacToeLibrary.csproj", "{02452D70-8E91-4A19-96ED-D5BE7D9AFA14}"
EndProject
Global
	GlobalSection(SolutionConfigurationPlatforms) = preSolution
		Debug|Any CPU = Debug|Any CPU
		Release|Any CPU = Release|Any CPU
	EndGlobalSection
	GlobalSection(ProjectConfigurationPlatforms) = postSolution
		{D7E66D12-86CE-4A92-B479-430FF6C5B15A}.Debug|Any CPU.ActiveCfg = Debug|Any CPU
		{D7E66D12-86CE-4A92-B479-430FF6C5B15A}.Debug|Any CPU.Build.0 = Debug|Any CPU
		{D7E66D12-86CE-4A92-B479-430FF6C5B15A}.Release|Any CPU.ActiveCfg = Release|Any CPU
		{D7E66D12-86CE-4A92-B479-430FF6C5B15A}.Release|Any CPU.Build.0 = Release|Any CPU
		{02452D70-8E91-4A19-96ED-D5BE7D9AFA14}.Debug|Any CPU.ActiveCfg = Debug|Any CPU
		{02452D70-8E91-4A19-96ED-D5BE7D9AFA14}.Debug|Any CPU.Build.0 = Debug|Any CPU
		{02452D70-8E91-4A19-96ED-D5BE7D9AFA14}.Release|Any CPU.ActiveCfg = Release|Any CPU
		{02452D70-8E91-4A19-96ED-D5BE7D9AFA14}.Release|Any CPU.Build.0 = Release|Any CPU
	EndGlobalSection
	GlobalSection(SolutionProperties) = preSolution
		HideSolutionNode = FALSE
	EndGlobalSection
	GlobalSection(ExtensibilityGlobals) = postSolution
		SolutionGuid = {F266A14D-70DF-4E2D-BE08-76BCB32C0E37}
	EndGlobalSection
EndGlobal
